
Microsoft Visual Studio Solution File, Format Version 12.00
# Visual Studio Version 17
VisualStudioVersion = 17.2.32526.322
MinimumVisualStudioVersion = 10.0.40219.1
Project("{9A19103F-16F7-4668-BE54-9A1E7A4F7556}") = "PX.Search", "PX.Search.csproj", "{0DF481ED-6159-4A96-AFA3-E4CEE5F0F2E8}"
EndProject
Global
	GlobalSection(SolutionConfigurationPlatforms) = preSolution
		Debug|Any CPU = Debug|Any CPU
		Release|Any CPU = Release|Any CPU
	EndGlobalSection
	GlobalSection(ProjectConfigurationPlatforms) = postSolution
		{0DF481ED-6159-4A96-AFA3-E4CEE5F0F2E8}.Debug|Any CPU.ActiveCfg = Debug|Any CPU
		{0DF481ED-6159-4A96-AFA3-E4CEE5F0F2E8}.Debug|Any CPU.Build.0 = Debug|Any CPU
		{0DF481ED-6159-4A96-AFA3-E4CEE5F0F2E8}.Release|Any CPU.ActiveCfg = Release|Any CPU
		{0DF481ED-6159-4A96-AFA3-E4CEE5F0F2E8}.Release|Any CPU.Build.0 = Release|Any CPU
	EndGlobalSection
	GlobalSection(SolutionProperties) = preSolution
		HideSolutionNode = FALSE
	EndGlobalSection
	GlobalSection(ExtensibilityGlobals) = postSolution
		SolutionGuid = {967E2B3B-4F5E-4717-83F1-059B3704DBA0}
	EndGlobalSection
EndGlobal
